
Microsoft Visual Studio Solution File, Format Version 12.00
# Visual Studio Version 17
VisualStudioVersion = 17.0.32126.317
MinimumVisualStudioVersion = 10.0.40219.1
Project("{FAE04EC0-301F-11D3-BF4B-00C04F79EFBC}") = "JoinFS-FS2020", "JoinFS-FS2020.csproj", "{E67B2033-4D3F-4F15-8C5C-B2D3910F8842}"
EndProject
Project("{FAE04EC0-301F-11D3-BF4B-00C04F79EFBC}") = "JoinFS-FSX", "JoinFS-FSX.csproj", "{9E20D839-D2C7-46FC-B6DB-75759C3BAF6D}"
EndProject
Project("{FAE04EC0-301F-11D3-BF4B-00C04F79EFBC}") = "JoinFS-XPLANE", "JoinFS-XPLANE.csproj", "{8755A336-E832-4F7C-92DF-975B80828E6D}"
EndProject
Project("{FAE04EC0-301F-11D3-BF4B-00C04F79EFBC}") = "JoinFS-P3DV4", "JoinFS-P3DV4.csproj", "{5CFE1806-1C1A-4B9E-AD16-7A07018D7659}"
EndProject
Global
	GlobalSection(SolutionConfigurationPlatforms) = preSolution
		Debug FS2020|Any CPU = Debug FS2020|Any CPU
		Debug FS2020|x86 = Debug FS2020|x86
		Debug FSX|Any CPU = Debug FSX|Any CPU
		Debug FSX|x86 = Debug FSX|x86
		Debug P3DV4|Any CPU = Debug P3DV4|Any CPU
		Debug P3DV4|x86 = Debug P3DV4|x86
		Debug XPLANE|Any CPU = Debug XPLANE|Any CPU
		Debug XPLANE|x86 = Debug XPLANE|x86
		Release FS2020|Any CPU = Release FS2020|Any CPU
		Release FS2020|x86 = Release FS2020|x86
		Release FSX|Any CPU = Release FSX|Any CPU
		Release FSX|x86 = Release FSX|x86
		Release P3DV4|Any CPU = Release P3DV4|Any CPU
		Release P3DV4|x86 = Release P3DV4|x86
		Release XPLANE|Any CPU = Release XPLANE|Any CPU
		Release XPLANE|x86 = Release XPLANE|x86
	EndGlobalSection
	GlobalSection(ProjectConfigurationPlatforms) = postSolution
		{E67B2033-4D3F-4F15-8C5C-B2D3910F8842}.Debug FS2020|Any CPU.ActiveCfg = Debug|Any CPU
		{E67B2033-4D3F-4F15-8C5C-B2D3910F8842}.Debug FS2020|Any CPU.Build.0 = Debug|Any CPU
		{E67B2033-4D3F-4F15-8C5C-B2D3910F8842}.Debug FS2020|x86.ActiveCfg = Debug|Any CPU
		{E67B2033-4D3F-4F15-8C5C-B2D3910F8842}.Debug FS2020|x86.Build.0 = Debug|Any CPU
		{E67B2033-4D3F-4F15-8C5C-B2D3910F8842}.Debug FSX|Any CPU.ActiveCfg = Debug|Any CPU
		{E67B2033-4D3F-4F15-8C5C-B2D3910F8842}.Debug FSX|x86.ActiveCfg = Debug|Any CPU
		{E67B2033-4D3F-4F15-8C5C-B2D3910F8842}.Debug FSX|x86.Build.0 = Debug|Any CPU
		{E67B2033-4D3F-4F15-8C5C-B2D3910F8842}.Debug P3DV4|Any CPU.ActiveCfg = Debug|Any CPU
		{E67B2033-4D3F-4F15-8C5C-B2D3910F8842}.Debug P3DV4|x86.ActiveCfg = Debug|Any CPU
		{E67B2033-4D3F-4F15-8C5C-B2D3910F8842}.Debug P3DV4|x86.Build.0 = Debug|Any CPU
		{E67B2033-4D3F-4F15-8C5C-B2D3910F8842}.Debug XPLANE|Any CPU.ActiveCfg = Debug|Any CPU
		{E67B2033-4D3F-4F15-8C5C-B2D3910F8842}.Debug XPLANE|x86.ActiveCfg = Debug|Any CPU
		{E67B2033-4D3F-4F15-8C5C-B2D3910F8842}.Debug XPLANE|x86.Build.0 = Debug|Any CPU
		{E67B2033-4D3F-4F15-8C5C-B2D3910F8842}.Release FS2020|Any CPU.ActiveCfg = Release|Any CPU
		{E67B2033-4D3F-4F15-8C5C-B2D3910F8842}.Release FS2020|Any CPU.Build.0 = Release|Any CPU
		{E67B2033-4D3F-4F15-8C5C-B2D3910F8842}.Release FS2020|x86.ActiveCfg = Release|Any CPU
		{E67B2033-4D3F-4F15-8C5C-B2D3910F8842}.Release FS2020|x86.Build.0 = Release|Any CPU
		{E67B2033-4D3F-4F15-8C5C-B2D3910F8842}.Release FSX|Any CPU.ActiveCfg = Release|Any CPU
		{E67B2033-4D3F-4F15-8C5C-B2D3910F8842}.Release FSX|x86.ActiveCfg = Release|Any CPU
		{E67B2033-4D3F-4F15-8C5C-B2D3910F8842}.Release FSX|x86.Build.0 = Release|Any CPU
		{E67B2033-4D3F-4F15-8C5C-B2D3910F8842}.Release P3DV4|Any CPU.ActiveCfg = Release|Any CPU
		{E67B2033-4D3F-4F15-8C5C-B2D3910F8842}.Release P3DV4|x86.ActiveCfg = Release|Any CPU
		{E67B2033-4D3F-4F15-8C5C-B2D3910F8842}.Release P3DV4|x86.Build.0 = Release|Any CPU
		{E67B2033-4D3F-4F15-8C5C-B2D3910F8842}.Release XPLANE|Any CPU.ActiveCfg = Release|Any CPU
		{E67B2033-4D3F-4F15-8C5C-B2D3910F8842}.Release XPLANE|x86.ActiveCfg = Release|Any CPU
		{E67B2033-4D3F-4F15-8C5C-B2D3910F8842}.Release XPLANE|x86.Build.0 = Release|Any CPU
		{9E20D839-D2C7-46FC-B6DB-75759C3BAF6D}.Debug FS2020|Any CPU.ActiveCfg = Debug|Any CPU
		{9E20D839-D2C7-46FC-B6DB-75759C3BAF6D}.Debug FS2020|x86.ActiveCfg = Debug|Any CPU
		{9E20D839-D2C7-46FC-B6DB-75759C3BAF6D}.Debug FS2020|x86.Build.0 = Debug|Any CPU
		{9E20D839-D2C7-46FC-B6DB-75759C3BAF6D}.Debug FSX|Any CPU.ActiveCfg = Debug|Any CPU
		{9E20D839-D2C7-46FC-B6DB-75759C3BAF6D}.Debug FSX|Any CPU.Build.0 = Debug|Any CPU
		{9E20D839-D2C7-46FC-B6DB-75759C3BAF6D}.Debug FSX|x86.ActiveCfg = Debug|Any CPU
		{9E20D839-D2C7-46FC-B6DB-75759C3BAF6D}.Debug FSX|x86.Build.0 = Debug|Any CPU
		{9E20D839-D2C7-46FC-B6DB-75759C3BAF6D}.Debug P3DV4|Any CPU.ActiveCfg = Debug|Any CPU
		{9E20D839-D2C7-46FC-B6DB-75759C3BAF6D}.Debug P3DV4|x86.ActiveCfg = Debug|Any CPU
		{9E20D839-D2C7-46FC-B6DB-75759C3BAF6D}.Debug P3DV4|x86.Build.0 = Debug|Any CPU
		{9E20D839-D2C7-46FC-B6DB-75759C3BAF6D}.Debug XPLANE|Any CPU.ActiveCfg = Debug|Any CPU
		{9E20D839-D2C7-46FC-B6DB-75759C3BAF6D}.Debug XPLANE|x86.ActiveCfg = Debug|Any CPU
		{9E20D839-D2C7-46FC-B6DB-75759C3BAF6D}.Debug XPLANE|x86.Build.0 = Debug|Any CPU
		{9E20D839-D2C7-46FC-B6DB-75759C3BAF6D}.Release FS2020|Any CPU.ActiveCfg = Release|Any CPU
		{9E20D839-D2C7-46FC-B6DB-75759C3BAF6D}.Release FS2020|x86.ActiveCfg = Release|Any CPU
		{9E20D839-D2C7-46FC-B6DB-75759C3BAF6D}.Release FS2020|x86.Build.0 = Release|Any CPU
		{9E20D839-D2C7-46FC-B6DB-75759C3BAF6D}.Release FSX|Any CPU.ActiveCfg = Release|Any CPU
		{9E20D839-D2C7-46FC-B6DB-75759C3BAF6D}.Release FSX|Any CPU.Build.0 = Release|Any CPU
		{9E20D839-D2C7-46FC-B6DB-75759C3BAF6D}.Release FSX|x86.ActiveCfg = Release|Any CPU
		{9E20D839-D2C7-46FC-B6DB-75759C3BAF6D}.Release FSX|x86.Build.0 = Release|Any CPU
		{9E20D839-D2C7-46FC-B6DB-75759C3BAF6D}.Release P3DV4|Any CPU.ActiveCfg = Release|Any CPU
		{9E20D839-D2C7-46FC-B6DB-75759C3BAF6D}.Release P3DV4|x86.ActiveCfg = Release|Any CPU
		{9E20D839-D2C7-46FC-B6DB-75759C3BAF6D}.Release P3DV4|x86.Build.0 = Release|Any CPU
		{9E20D839-D2C7-46FC-B6DB-75759C3BAF6D}.Release XPLANE|Any CPU.ActiveCfg = Release|Any CPU
		{9E20D839-D2C7-46FC-B6DB-75759C3BAF6D}.Release XPLANE|x86.ActiveCfg = Release|Any CPU
		{9E20D839-D2C7-46FC-B6DB-75759C3BAF6D}.Release XPLANE|x86.Build.0 = Release|Any CPU
		{8755A336-E832-4F7C-92DF-975B80828E6D}.Debug FS2020|Any CPU.ActiveCfg = Debug|Any CPU
		{8755A336-E832-4F7C-92DF-975B80828E6D}.Debug FS2020|x86.ActiveCfg = Debug|Any CPU
		{8755A336-E832-4F7C-92DF-975B80828E6D}.Debug FS2020|x86.Build.0 = Debug|Any CPU
		{8755A336-E832-4F7C-92DF-975B80828E6D}.Debug FSX|Any CPU.ActiveCfg = Debug|Any CPU
		{8755A336-E832-4F7C-92DF-975B80828E6D}.Debug FSX|x86.ActiveCfg = Debug|Any CPU
		{8755A336-E832-4F7C-92DF-975B80828E6D}.Debug FSX|x86.Build.0 = Debug|Any CPU
		{8755A336-E832-4F7C-92DF-975B80828E6D}.Debug P3DV4|Any CPU.ActiveCfg = Debug|Any CPU
		{8755A336-E832-4F7C-92DF-975B80828E6D}.Debug P3DV4|x86.ActiveCfg = Debug|Any CPU
		{8755A336-E832-4F7C-92DF-975B80828E6D}.Debug P3DV4|x86.Build.0 = Debug|Any CPU
		{8755A336-E832-4F7C-92DF-975B80828E6D}.Debug XPLANE|Any CPU.ActiveCfg = Debug|Any CPU
		{8755A336-E832-4F7C-92DF-975B80828E6D}.Debug XPLANE|Any CPU.Build.0 = Debug|Any CPU
		{8755A336-E832-4F7C-92DF-975B80828E6D}.Debug XPLANE|x86.ActiveCfg = Debug|Any CPU
		{8755A336-E832-4F7C-92DF-975B80828E6D}.Debug XPLANE|x86.Build.0 = Debug|Any CPU
		{8755A336-E832-4F7C-92DF-975B80828E6D}.Release FS2020|Any CPU.ActiveCfg = Release|Any CPU
		{8755A336-E832-4F7C-92DF-975B80828E6D}.Release FS2020|x86.ActiveCfg = Release|Any CPU
		{8755A336-E832-4F7C-92DF-975B80828E6D}.Release FS2020|x86.Build.0 = Release|Any CPU
		{8755A336-E832-4F7C-92DF-975B80828E6D}.Release FSX|Any CPU.ActiveCfg = Release|Any CPU
		{8755A336-E832-4F7C-92DF-975B80828E6D}.Release FSX|x86.ActiveCfg = Release|Any CPU
		{8755A336-E832-4F7C-92DF-975B80828E6D}.Release FSX|x86.Build.0 = Release|Any CPU
		{8755A336-E832-4F7C-92DF-975B80828E6D}.Release P3DV4|Any CPU.ActiveCfg = Release|Any CPU
		{8755A336-E832-4F7C-92DF-975B80828E6D}.Release P3DV4|x86.ActiveCfg = Release|Any CPU
		{8755A336-E832-4F7C-92DF-975B80828E6D}.Release P3DV4|x86.Build.0 = Release|Any CPU
		{8755A336-E832-4F7C-92DF-975B80828E6D}.Release XPLANE|Any CPU.ActiveCfg = Release|Any CPU
		{8755A336-E832-4F7C-92DF-975B80828E6D}.Release XPLANE|Any CPU.Build.0 = Release|Any CPU
		{8755A336-E832-4F7C-92DF-975B80828E6D}.Release XPLANE|x86.ActiveCfg = Release|Any CPU
		{8755A336-E832-4F7C-92DF-975B80828E6D}.Release XPLANE|x86.Build.0 = Release|Any CPU
		{5CFE1806-1C1A-4B9E-AD16-7A07018D7659}.Debug FS2020|Any CPU.ActiveCfg = Debug|Any CPU
		{5CFE1806-1C1A-4B9E-AD16-7A07018D7659}.Debug FS2020|x86.ActiveCfg = Debug|Any CPU
		{5CFE1806-1C1A-4B9E-AD16-7A07018D7659}.Debug FS2020|x86.Build.0 = Debug|Any CPU
		{5CFE1806-1C1A-4B9E-AD16-7A07018D7659}.Debug FSX|Any CPU.ActiveCfg = Debug|Any CPU
		{5CFE1806-1C1A-4B9E-AD16-7A07018D7659}.Debug FSX|x86.ActiveCfg = Debug|Any CPU
		{5CFE1806-1C1A-4B9E-AD16-7A07018D7659}.Debug FSX|x86.Build.0 = Debug|Any CPU
		{5CFE1806-1C1A-4B9E-AD16-7A07018D7659}.Debug P3DV4|Any CPU.ActiveCfg = Debug|Any CPU
		{5CFE1806-1C1A-4B9E-AD16-7A07018D7659}.Debug P3DV4|Any CPU.Build.0 = Debug|Any CPU
		{5CFE1806-1C1A-4B9E-AD16-7A07018D7659}.Debug P3DV4|x86.ActiveCfg = Debug|Any CPU
		{5CFE1806-1C1A-4B9E-AD16-7A07018D7659}.Debug P3DV4|x86.Build.0 = Debug|Any CPU
		{5CFE1806-1C1A-4B9E-AD16-7A07018D7659}.Debug XPLANE|Any CPU.ActiveCfg = Debug|Any CPU
		{5CFE1806-1C1A-4B9E-AD16-7A07018D7659}.Debug XPLANE|x86.ActiveCfg = Debug|Any CPU
		{5CFE1806-1C1A-4B9E-AD16-7A07018D7659}.Debug XPLANE|x86.Build.0 = Debug|Any CPU
		{5CFE1806-1C1A-4B9E-AD16-7A07018D7659}.Release FS2020|Any CPU.ActiveCfg = Release|Any CPU
		{5CFE1806-1C1A-4B9E-AD16-7A07018D7659}.Release FS2020|x86.ActiveCfg = Release|Any CPU
		{5CFE1806-1C1A-4B9E-AD16-7A07018D7659}.Release FS2020|x86.Build.0 = Release|Any CPU
		{5CFE1806-1C1A-4B9E-AD16-7A07018D7659}.Release FSX|Any CPU.ActiveCfg = Release|Any CPU
		{5CFE1806-1C1A-4B9E-AD16-7A07018D7659}.Release FSX|x86.ActiveCfg = Release|Any CPU
		{5CFE1806-1C1A-4B9E-AD16-7A07018D7659}.Release FSX|x86.Build.0 = Release|Any CPU
		{5CFE1806-1C1A-4B9E-AD16-7A07018D7659}.Release P3DV4|Any CPU.ActiveCfg = Release|Any CPU
		{5CFE1806-1C1A-4B9E-AD16-7A07018D7659}.Release P3DV4|Any CPU.Build.0 = Release|Any CPU
		{5CFE1806-1C1A-4B9E-AD16-7A07018D7659}.Release P3DV4|x86.ActiveCfg = Release|Any CPU
		{5CFE1806-1C1A-4B9E-AD16-7A07018D7659}.Release P3DV4|x86.Build.0 = Release|Any CPU
		{5CFE1806-1C1A-4B9E-AD16-7A07018D7659}.Release XPLANE|Any CPU.ActiveCfg = Release|Any CPU
		{5CFE1806-1C1A-4B9E-AD16-7A07018D7659}.Release XPLANE|x86.ActiveCfg = Release|Any CPU
		{5CFE1806-1C1A-4B9E-AD16-7A07018D7659}.Release XPLANE|x86.Build.0 = Release|Any CPU
	EndGlobalSection
	GlobalSection(SolutionProperties) = preSolution
		HideSolutionNode = FALSE
	EndGlobalSection
	GlobalSection(ExtensibilityGlobals) = postSolution
		SolutionGuid = {84B3925E-4100-48C8-80BE-B214CC0421C8}
	EndGlobalSection
EndGlobal
